
Microsoft Visual Studio Solution File, Format Version 12.00
# Visual Studio Version 16
VisualStudioVersion = 16.0.29911.98
MinimumVisualStudioVersion = 10.0.40219.1
Project("{FAE04EC0-301F-11D3-BF4B-00C04F79EFBC}") = "Test5.Core", "Test5.Core\Test5.Core.csproj", "{BC26E244-66E0-4E11-A776-AA4FC90354F8}"
EndProject
Project("{FAE04EC0-301F-11D3-BF4B-00C04F79EFBC}") = "Test5.Droid", "Test5.Droid\Test5.Droid.csproj", "{77F50965-58C0-4C9E-A365-DEFB3CC13674}"
EndProject
Global
	GlobalSection(SolutionConfigurationPlatforms) = preSolution
		Debug|Any CPU = Debug|Any CPU
		Release|Any CPU = Release|Any CPU
	EndGlobalSection
	GlobalSection(ProjectConfigurationPlatforms) = postSolution
		{BC26E244-66E0-4E11-A776-AA4FC90354F8}.Debug|Any CPU.ActiveCfg = Debug|Any CPU
		{BC26E244-66E0-4E11-A776-AA4FC90354F8}.Debug|Any CPU.Build.0 = Debug|Any CPU
		{BC26E244-66E0-4E11-A776-AA4FC90354F8}.Release|Any CPU.ActiveCfg = Release|Any CPU
		{BC26E244-66E0-4E11-A776-AA4FC90354F8}.Release|Any CPU.Build.0 = Release|Any CPU
		{77F50965-58C0-4C9E-A365-DEFB3CC13674}.Debug|Any CPU.ActiveCfg = Debug|Any CPU
		{77F50965-58C0-4C9E-A365-DEFB3CC13674}.Debug|Any CPU.Build.0 = Debug|Any CPU
		{77F50965-58C0-4C9E-A365-DEFB3CC13674}.Debug|Any CPU.Deploy.0 = Debug|Any CPU
		{77F50965-58C0-4C9E-A365-DEFB3CC13674}.Release|Any CPU.ActiveCfg = Release|Any CPU
		{77F50965-58C0-4C9E-A365-DEFB3CC13674}.Release|Any CPU.Build.0 = Release|Any CPU
		{77F50965-58C0-4C9E-A365-DEFB3CC13674}.Release|Any CPU.Deploy.0 = Release|Any CPU
	EndGlobalSection
	GlobalSection(SolutionProperties) = preSolution
		HideSolutionNode = FALSE
	EndGlobalSection
	GlobalSection(ExtensibilityGlobals) = postSolution
		SolutionGuid = {763F68A3-3385-45AE-994A-9FFDA7B3ECB5}
	EndGlobalSection
EndGlobal
